
Microsoft Visual Studio Solution File, Format Version 12.00
# Visual Studio Version 17
VisualStudioVersion = 17.0.31903.59
MinimumVisualStudioVersion = 10.0.40219.1
Project("{FAE04EC0-301F-11D3-BF4B-00C04F79EFBC}") = "API", "API\API.csproj", "{3DA2D2D9-9DDA-4251-B050-F75B467A255D}"
EndProject
Project("{FAE04EC0-301F-11D3-BF4B-00C04F79EFBC}") = "Core", "Core\Core.csproj", "{29B0F63B-55CE-41E3-BA0A-C61AE0068BD4}"
EndProject
Project("{FAE04EC0-301F-11D3-BF4B-00C04F79EFBC}") = "Infraestructura", "Infraestructura\Infraestructura.csproj", "{10AF0680-695F-4A16-9931-9BFD4DC4E73B}"
EndProject
Global
	GlobalSection(SolutionConfigurationPlatforms) = preSolution
		Debug|Any CPU = Debug|Any CPU
		Release|Any CPU = Release|Any CPU
	EndGlobalSection
	GlobalSection(SolutionProperties) = preSolution
		HideSolutionNode = FALSE
	EndGlobalSection
	GlobalSection(ProjectConfigurationPlatforms) = postSolution
		{3DA2D2D9-9DDA-4251-B050-F75B467A255D}.Debug|Any CPU.ActiveCfg = Debug|Any CPU
		{3DA2D2D9-9DDA-4251-B050-F75B467A255D}.Debug|Any CPU.Build.0 = Debug|Any CPU
		{3DA2D2D9-9DDA-4251-B050-F75B467A255D}.Release|Any CPU.ActiveCfg = Release|Any CPU
		{3DA2D2D9-9DDA-4251-B050-F75B467A255D}.Release|Any CPU.Build.0 = Release|Any CPU
		{29B0F63B-55CE-41E3-BA0A-C61AE0068BD4}.Debug|Any CPU.ActiveCfg = Debug|Any CPU
		{29B0F63B-55CE-41E3-BA0A-C61AE0068BD4}.Debug|Any CPU.Build.0 = Debug|Any CPU
		{29B0F63B-55CE-41E3-BA0A-C61AE0068BD4}.Release|Any CPU.ActiveCfg = Release|Any CPU
		{29B0F63B-55CE-41E3-BA0A-C61AE0068BD4}.Release|Any CPU.Build.0 = Release|Any CPU
		{10AF0680-695F-4A16-9931-9BFD4DC4E73B}.Debug|Any CPU.ActiveCfg = Debug|Any CPU
		{10AF0680-695F-4A16-9931-9BFD4DC4E73B}.Debug|Any CPU.Build.0 = Debug|Any CPU
		{10AF0680-695F-4A16-9931-9BFD4DC4E73B}.Release|Any CPU.ActiveCfg = Release|Any CPU
		{10AF0680-695F-4A16-9931-9BFD4DC4E73B}.Release|Any CPU.Build.0 = Release|Any CPU
	EndGlobalSection
EndGlobal
